{
  "name": "run-code",
  "version": "0.0.1",
  "lockfileVersion": 2,
  "requires": true,
  "packages": {
    "": {
      "name": "run-code",
      "version": "0.0.1",
      "license": "MIT",
      "dependencies": {
        "@codemirror/lang-python": "^6.1.3",
        "ansi-to-html": "^0.7.2",
        "codemirror": "^6.0.1",
        "esbuild": "^0.19.2",
        "pyodide": "^0.23.4"
      }
    },
    "node_modules/@codemirror/autocomplete": {
      "version": "6.9.0",
      "resolved": "https://registry.npmjs.org/@codemirror/autocomplete/-/autocomplete-6.9.0.tgz",
      "integrity": "sha512-Fbwm0V/Wn3BkEJZRhr0hi5BhCo5a7eBL6LYaliPjOSwCyfOpnjXY59HruSxOUNV+1OYer0Tgx1zRNQttjXyDog==",
      "dependencies": {
        "@codemirror/language": "^6.0.0",
        "@codemirror/state": "^6.0.0",
        "@codemirror/view": "^6.6.0",
        "@lezer/common": "^1.0.0"
      },
      "peerDependencies": {
        "@codemirror/language": "^6.0.0",
        "@codemirror/state": "^6.0.0",
        "@codemirror/view": "^6.0.0",
        "@lezer/common": "^1.0.0"
      }
    },
    "node_modules/@codemirror/commands": {
      "version": "6.2.5",
      "resolved": "https://registry.npmjs.org/@codemirror/commands/-/commands-6.2.5.tgz",
      "integrity": "sha512-dSi7ow2P2YgPBZflR9AJoaTHvqmeGIgkhignYMd5zK5y6DANTvxKxp6eMEpIDUJkRAaOY/TFZ4jP1ADIO/GLVA==",
      "dependencies": {
        "@codemirror/language": "^6.0.0",
        "@codemirror/state": "^6.2.0",
        "@codemirror/view": "^6.0.0",
        "@lezer/common": "^1.0.0"
      }
    },
    "node_modules/@codemirror/lang-python": {
      "version": "6.1.3",
      "resolved": "https://registry.npmjs.org/@codemirror/lang-python/-/lang-python-6.1.3.tgz",
      "integrity": "sha512-S9w2Jl74hFlD5nqtUMIaXAq9t5WlM0acCkyuQWUUSvZclk1sV+UfnpFiZzuZSG+hfEaOmxKR5UxY/Uxswn7EhQ==",
      "dependencies": {
        "@codemirror/autocomplete": "^6.3.2",
        "@codemirror/language": "^6.8.0",
        "@lezer/python": "^1.1.4"
      }
    },
    "node_modules/@codemirror/language": {
      "version": "6.9.0",
      "resolved": "https://registry.npmjs.org/@codemirror/language/-/language-6.9.0.tgz",
      "integrity": "sha512-nFu311/0ne/qGuGCL3oKuktBgzVOaxCHZPZv1tLSZkNjPYxxvkjSbzno3MlErG2tgw1Yw1yF8BxMCegeMXqpiw==",
      "dependencies": {
        "@codemirror/state": "^6.0.0",
        "@codemirror/view": "^6.0.0",
        "@lezer/common": "^1.0.0",
        "@lezer/highlight": "^1.0.0",
        "@lezer/lr": "^1.0.0",
        "style-mod": "^4.0.0"
      }
    },
    "node_modules/@codemirror/lint": {
      "version": "6.4.1",
      "resolved": "https://registry.npmjs.org/@codemirror/lint/-/lint-6.4.1.tgz",
      "integrity": "sha512-2Hx945qKX7FBan5/gUdTM8fsMYrNG9clIgEcPXestbLVFAUyQYFAuju/5BMNf/PwgpVaX5pvRm4+ovjbp9D9gQ==",
      "dependencies": {
        "@codemirror/state": "^6.0.0",
        "@codemirror/view": "^6.0.0",
        "crelt": "^1.0.5"
      }
    },
    "node_modules/@codemirror/search": {
      "version": "6.5.2",
      "resolved": "https://registry.npmjs.org/@codemirror/search/-/search-6.5.2.tgz",
      "integrity": "sha512-WRihpqd0l9cEh9J3IZe45Yi+Z5MfTsEXnyc3V7qXHP4ZYtIYpGOn+EJ7fyLIkyAm/8S6QIr7/mMISfAadf8zCg==",
      "dependencies": {
        "@codemirror/state": "^6.0.0",
        "@codemirror/view": "^6.0.0",
        "crelt": "^1.0.5"
      }
    },
    "node_modules/@codemirror/state": {
      "version": "6.2.1",
      "resolved": "https://registry.npmjs.org/@codemirror/state/-/state-6.2.1.tgz",
      "integrity": "sha512-RupHSZ8+OjNT38zU9fKH2sv+Dnlr8Eb8sl4NOnnqz95mCFTZUaiRP8Xv5MeeaG0px2b8Bnfe7YGwCV3nsBhbuw=="
    },
    "node_modules/@codemirror/view": {
      "version": "6.17.1",
      "resolved": "https://registry.npmjs.org/@codemirror/view/-/view-6.17.1.tgz",
      "integrity": "sha512-I5KVxsLbm1f56n9SUajLW0/AzMXYEZVvkiYahMw/yGl5gUjT2WquuKO39xUtiT4z/hNhGD7YuAEVPI8u0mncaQ==",
      "dependencies": {
        "@codemirror/state": "^6.1.4",
        "style-mod": "^4.1.0",
        "w3c-keyname": "^2.2.4"
      }
    },
    "node_modules/@esbuild/android-arm": {
      "version": "0.19.2",
      "resolved": "https://registry.npmjs.org/@esbuild/android-arm/-/android-arm-0.19.2.tgz",
      "integrity": "sha512-tM8yLeYVe7pRyAu9VMi/Q7aunpLwD139EY1S99xbQkT4/q2qa6eA4ige/WJQYdJ8GBL1K33pPFhPfPdJ/WzT8Q==",
      "cpu": [
        "arm"
      ],
      "optional": true,
      "os": [
        "android"
      ],
      "engines": {
        "node": ">=12"
      }
    },
    "node_modules/@esbuild/android-arm64": {
      "version": "0.19.2",
      "resolved": "https://registry.npmjs.org/@esbuild/android-arm64/-/android-arm64-0.19.2.tgz",
      "integrity": "sha512-lsB65vAbe90I/Qe10OjkmrdxSX4UJDjosDgb8sZUKcg3oefEuW2OT2Vozz8ef7wrJbMcmhvCC+hciF8jY/uAkw==",
      "cpu": [
        "arm64"
      ],
      "optional": true,
      "os": [
        "android"
      ],
      "engines": {
        "node": ">=12"
      }
    },
    "node_modules/@esbuild/android-x64": {
      "version": "0.19.2",
      "resolved": "https://registry.npmjs.org/@esbuild/android-x64/-/android-x64-0.19.2.tgz",
      "integrity": "sha512-qK/TpmHt2M/Hg82WXHRc/W/2SGo/l1thtDHZWqFq7oi24AjZ4O/CpPSu6ZuYKFkEgmZlFoa7CooAyYmuvnaG8w==",
      "cpu": [
        "x64"
      ],
      "optional": true,
      "os": [
        "android"
      ],
      "engines": {
        "node": ">=12"
      }
    },
    "node_modules/@esbuild/darwin-arm64": {
      "version": "0.19.2",
      "resolved": "https://registry.npmjs.org/@esbuild/darwin-arm64/-/darwin-arm64-0.19.2.tgz",
      "integrity": "sha512-Ora8JokrvrzEPEpZO18ZYXkH4asCdc1DLdcVy8TGf5eWtPO1Ie4WroEJzwI52ZGtpODy3+m0a2yEX9l+KUn0tA==",
      "cpu": [
        "arm64"
      ],
      "optional": true,
      "os": [
        "darwin"
      ],
      "engines": {
        "node": ">=12"
      }
    },
    "node_modules/@esbuild/darwin-x64": {
      "version": "0.19.2",
      "resolved": "https://registry.npmjs.org/@esbuild/darwin-x64/-/darwin-x64-0.19.2.tgz",
      "integrity": "sha512-tP+B5UuIbbFMj2hQaUr6EALlHOIOmlLM2FK7jeFBobPy2ERdohI4Ka6ZFjZ1ZYsrHE/hZimGuU90jusRE0pwDw==",
      "cpu": [
        "x64"
      ],
      "optional": true,
      "os": [
        "darwin"
      ],
      "engines": {
        "node": ">=12"
      }
    },
    "node_modules/@esbuild/freebsd-arm64": {
      "version": "0.19.2",
      "resolved": "https://registry.npmjs.org/@esbuild/freebsd-arm64/-/freebsd-arm64-0.19.2.tgz",
      "integrity": "sha512-YbPY2kc0acfzL1VPVK6EnAlig4f+l8xmq36OZkU0jzBVHcOTyQDhnKQaLzZudNJQyymd9OqQezeaBgkTGdTGeQ==",
      "cpu": [
        "arm64"
      ],
      "optional": true,
      "os": [
        "freebsd"
      ],
      "engines": {
        "node": ">=12"
      }
    },
    "node_modules/@esbuild/freebsd-x64": {
      "version": "0.19.2",
      "resolved": "https://registry.npmjs.org/@esbuild/freebsd-x64/-/freebsd-x64-0.19.2.tgz",
      "integrity": "sha512-nSO5uZT2clM6hosjWHAsS15hLrwCvIWx+b2e3lZ3MwbYSaXwvfO528OF+dLjas1g3bZonciivI8qKR/Hm7IWGw==",
      "cpu": [
        "x64"
      ],
      "optional": true,
      "os": [
        "freebsd"
      ],
      "engines": {
        "node": ">=12"
      }
    },
    "node_modules/@esbuild/linux-arm": {
      "version": "0.19.2",
      "resolved": "https://registry.npmjs.org/@esbuild/linux-arm/-/linux-arm-0.19.2.tgz",
      "integrity": "sha512-Odalh8hICg7SOD7XCj0YLpYCEc+6mkoq63UnExDCiRA2wXEmGlK5JVrW50vZR9Qz4qkvqnHcpH+OFEggO3PgTg==",
      "cpu": [
        "arm"
      ],
      "optional": true,
      "os": [
        "linux"
      ],
      "engines": {
        "node": ">=12"
      }
    },
    "node_modules/@esbuild/linux-arm64": {
      "version": "0.19.2",
      "resolved": "https://registry.npmjs.org/@esbuild/linux-arm64/-/linux-arm64-0.19.2.tgz",
      "integrity": "sha512-ig2P7GeG//zWlU0AggA3pV1h5gdix0MA3wgB+NsnBXViwiGgY77fuN9Wr5uoCrs2YzaYfogXgsWZbm+HGr09xg==",
      "cpu": [
        "arm64"
      ],
      "optional": true,
      "os": [
        "linux"
      ],
      "engines": {
        "node": ">=12"
      }
    },
    "node_modules/@esbuild/linux-ia32": {
      "version": "0.19.2",
      "resolved": "https://registry.npmjs.org/@esbuild/linux-ia32/-/linux-ia32-0.19.2.tgz",
      "integrity": "sha512-mLfp0ziRPOLSTek0Gd9T5B8AtzKAkoZE70fneiiyPlSnUKKI4lp+mGEnQXcQEHLJAcIYDPSyBvsUbKUG2ri/XQ==",
      "cpu": [
        "ia32"
      ],
      "optional": true,
      "os": [
        "linux"
      ],
      "engines": {
        "node": ">=12"
      }
    },
    "node_modules/@esbuild/linux-loong64": {
      "version": "0.19.2",
      "resolved": "https://registry.npmjs.org/@esbuild/linux-loong64/-/linux-loong64-0.19.2.tgz",
      "integrity": "sha512-hn28+JNDTxxCpnYjdDYVMNTR3SKavyLlCHHkufHV91fkewpIyQchS1d8wSbmXhs1fiYDpNww8KTFlJ1dHsxeSw==",
      "cpu": [
        "loong64"
      ],
      "optional": true,
      "os": [
        "linux"
      ],
      "engines": {
        "node": ">=12"
      }
    },
    "node_modules/@esbuild/linux-mips64el": {
      "version": "0.19.2",
      "resolved": "https://registry.npmjs.org/@esbuild/linux-mips64el/-/linux-mips64el-0.19.2.tgz",
      "integrity": "sha512-KbXaC0Sejt7vD2fEgPoIKb6nxkfYW9OmFUK9XQE4//PvGIxNIfPk1NmlHmMg6f25x57rpmEFrn1OotASYIAaTg==",
      "cpu": [
        "mips64el"
      ],
      "optional": true,
      "os": [
        "linux"
      ],
      "engines": {
        "node": ">=12"
      }
    },
    "node_modules/@esbuild/linux-ppc64": {
      "version": "0.19.2",
      "resolved": "https://registry.npmjs.org/@esbuild/linux-ppc64/-/linux-ppc64-0.19.2.tgz",
      "integrity": "sha512-dJ0kE8KTqbiHtA3Fc/zn7lCd7pqVr4JcT0JqOnbj4LLzYnp+7h8Qi4yjfq42ZlHfhOCM42rBh0EwHYLL6LEzcw==",
      "cpu": [
        "ppc64"
      ],
      "optional": true,
      "os": [
        "linux"
      ],
      "engines": {
        "node": ">=12"
      }
    },
    "node_modules/@esbuild/linux-riscv64": {
      "version": "0.19.2",
      "resolved": "https://registry.npmjs.org/@esbuild/linux-riscv64/-/linux-riscv64-0.19.2.tgz",
      "integrity": "sha512-7Z/jKNFufZ/bbu4INqqCN6DDlrmOTmdw6D0gH+6Y7auok2r02Ur661qPuXidPOJ+FSgbEeQnnAGgsVynfLuOEw==",
      "cpu": [
        "riscv64"
      ],
      "optional": true,
      "os": [
        "linux"
      ],
      "engines": {
        "node": ">=12"
      }
    },
    "node_modules/@esbuild/linux-s390x": {
      "version": "0.19.2",
      "resolved": "https://registry.npmjs.org/@esbuild/linux-s390x/-/linux-s390x-0.19.2.tgz",
      "integrity": "sha512-U+RinR6aXXABFCcAY4gSlv4CL1oOVvSSCdseQmGO66H+XyuQGZIUdhG56SZaDJQcLmrSfRmx5XZOWyCJPRqS7g==",
      "cpu": [
        "s390x"
      ],
      "optional": true,
      "os": [
        "linux"
      ],
      "engines": {
        "node": ">=12"
      }
    },
    "node_modules/@esbuild/linux-x64": {
      "version": "0.19.2",
      "resolved": "https://registry.npmjs.org/@esbuild/linux-x64/-/linux-x64-0.19.2.tgz",
      "integrity": "sha512-oxzHTEv6VPm3XXNaHPyUTTte+3wGv7qVQtqaZCrgstI16gCuhNOtBXLEBkBREP57YTd68P0VgDgG73jSD8bwXQ==",
      "cpu": [
        "x64"
      ],
      "optional": true,
      "os": [
        "linux"
      ],
      "engines": {
        "node": ">=12"
      }
    },
    "node_modules/@esbuild/netbsd-x64": {
      "version": "0.19.2",
      "resolved": "https://registry.npmjs.org/@esbuild/netbsd-x64/-/netbsd-x64-0.19.2.tgz",
      "integrity": "sha512-WNa5zZk1XpTTwMDompZmvQLHszDDDN7lYjEHCUmAGB83Bgs20EMs7ICD+oKeT6xt4phV4NDdSi/8OfjPbSbZfQ==",
      "cpu": [
        "x64"
      ],
      "optional": true,
      "os": [
        "netbsd"
      ],
      "engines": {
        "node": ">=12"
      }
    },
    "node_modules/@esbuild/openbsd-x64": {
      "version": "0.19.2",
      "resolved": "https://registry.npmjs.org/@esbuild/openbsd-x64/-/openbsd-x64-0.19.2.tgz",
      "integrity": "sha512-S6kI1aT3S++Dedb7vxIuUOb3oAxqxk2Rh5rOXOTYnzN8JzW1VzBd+IqPiSpgitu45042SYD3HCoEyhLKQcDFDw==",
      "cpu": [
        "x64"
      ],
      "optional": true,
      "os": [
        "openbsd"
      ],
      "engines": {
        "node": ">=12"
      }
    },
    "node_modules/@esbuild/sunos-x64": {
      "version": "0.19.2",
      "resolved": "https://registry.npmjs.org/@esbuild/sunos-x64/-/sunos-x64-0.19.2.tgz",
      "integrity": "sha512-VXSSMsmb+Z8LbsQGcBMiM+fYObDNRm8p7tkUDMPG/g4fhFX5DEFmjxIEa3N8Zr96SjsJ1woAhF0DUnS3MF3ARw==",
      "cpu": [
        "x64"
      ],
      "optional": true,
      "os": [
        "sunos"
      ],
      "engines": {
        "node": ">=12"
      }
    },
    "node_modules/@esbuild/win32-arm64": {
      "version": "0.19.2",
      "resolved": "https://registry.npmjs.org/@esbuild/win32-arm64/-/win32-arm64-0.19.2.tgz",
      "integrity": "sha512-5NayUlSAyb5PQYFAU9x3bHdsqB88RC3aM9lKDAz4X1mo/EchMIT1Q+pSeBXNgkfNmRecLXA0O8xP+x8V+g/LKg==",
      "cpu": [
        "arm64"
      ],
      "optional": true,
      "os": [
        "win32"
      ],
      "engines": {
        "node": ">=12"
      }
    },
    "node_modules/@esbuild/win32-ia32": {
      "version": "0.19.2",
      "resolved": "https://registry.npmjs.org/@esbuild/win32-ia32/-/win32-ia32-0.19.2.tgz",
      "integrity": "sha512-47gL/ek1v36iN0wL9L4Q2MFdujR0poLZMJwhO2/N3gA89jgHp4MR8DKCmwYtGNksbfJb9JoTtbkoe6sDhg2QTA==",
      "cpu": [
        "ia32"
      ],
      "optional": true,
      "os": [
        "win32"
      ],
      "engines": {
        "node": ">=12"
      }
    },
    "node_modules/@esbuild/win32-x64": {
      "version": "0.19.2",
      "resolved": "https://registry.npmjs.org/@esbuild/win32-x64/-/win32-x64-0.19.2.tgz",
      "integrity": "sha512-tcuhV7ncXBqbt/Ybf0IyrMcwVOAPDckMK9rXNHtF17UTK18OKLpg08glminN06pt2WCoALhXdLfSPbVvK/6fxw==",
      "cpu": [
        "x64"
      ],
      "optional": true,
      "os": [
        "win32"
      ],
      "engines": {
        "node": ">=12"
      }
    },
    "node_modules/@lezer/common": {
      "version": "1.0.4",
      "resolved": "https://registry.npmjs.org/@lezer/common/-/common-1.0.4.tgz",
      "integrity": "sha512-lZHlk8p67x4aIDtJl6UQrXSOP6oi7dQR3W/geFVrENdA1JDaAJWldnVqVjPMJupbTKbzDfFcePfKttqVidS/dg=="
    },
    "node_modules/@lezer/highlight": {
      "version": "1.1.6",
      "resolved": "https://registry.npmjs.org/@lezer/highlight/-/highlight-1.1.6.tgz",
      "integrity": "sha512-cmSJYa2us+r3SePpRCjN5ymCqCPv+zyXmDl0ciWtVaNiORT/MxM7ZgOMQZADD0o51qOaOg24qc/zBViOIwAjJg==",
      "dependencies": {
        "@lezer/common": "^1.0.0"
      }
    },
    "node_modules/@lezer/lr": {
      "version": "1.3.10",
      "resolved": "https://registry.npmjs.org/@lezer/lr/-/lr-1.3.10.tgz",
      "integrity": "sha512-BZfVvf7Re5BIwJHlZXbJn9L8lus5EonxQghyn+ih8Wl36XMFBPTXC0KM0IdUtj9w/diPHsKlXVgL+AlX2jYJ0Q==",
      "dependencies": {
        "@lezer/common": "^1.0.0"
      }
    },
    "node_modules/@lezer/python": {
      "version": "1.1.8",
      "resolved": "https://registry.npmjs.org/@lezer/python/-/python-1.1.8.tgz",
      "integrity": "sha512-1T/XsmeF57ijrjpC0Zmrf9YeO5mn2zC1XeSNrOnc0KB+6PgxJ5m7kWKt0CnwyS74oHQXbJxUUL+QDQJR26c1Gw==",
      "dependencies": {
        "@lezer/highlight": "^1.0.0",
        "@lezer/lr": "^1.0.0"
      }
    },
    "node_modules/ansi-to-html": {
      "version": "0.7.2",
      "resolved": "https://registry.npmjs.org/ansi-to-html/-/ansi-to-html-0.7.2.tgz",
      "integrity": "sha512-v6MqmEpNlxF+POuyhKkidusCHWWkaLcGRURzivcU3I9tv7k4JVhFcnukrM5Rlk2rUywdZuzYAZ+kbZqWCnfN3g==",
      "dependencies": {
        "entities": "^2.2.0"
      },
      "bin": {
        "ansi-to-html": "bin/ansi-to-html"
      },
      "engines": {
        "node": ">=8.0.0"
      }
    },
    "node_modules/base-64": {
      "version": "1.0.0",
      "resolved": "https://registry.npmjs.org/base-64/-/base-64-1.0.0.tgz",
      "integrity": "sha512-kwDPIFCGx0NZHog36dj+tHiwP4QMzsZ3AgMViUBKI0+V5n4U0ufTCUMhnQ04diaRI8EX/QcPfql7zlhZ7j4zgg=="
    },
    "node_modules/codemirror": {
      "version": "6.0.1",
      "resolved": "https://registry.npmjs.org/codemirror/-/codemirror-6.0.1.tgz",
      "integrity": "sha512-J8j+nZ+CdWmIeFIGXEFbFPtpiYacFMDR8GlHK3IyHQJMCaVRfGx9NT+Hxivv1ckLWPvNdZqndbr/7lVhrf/Svg==",
      "dependencies": {
        "@codemirror/autocomplete": "^6.0.0",
        "@codemirror/commands": "^6.0.0",
        "@codemirror/language": "^6.0.0",
        "@codemirror/lint": "^6.0.0",
        "@codemirror/search": "^6.0.0",
        "@codemirror/state": "^6.0.0",
        "@codemirror/view": "^6.0.0"
      }
    },
    "node_modules/crelt": {
      "version": "1.0.6",
      "resolved": "https://registry.npmjs.org/crelt/-/crelt-1.0.6.tgz",
      "integrity": "sha512-VQ2MBenTq1fWZUH9DJNGti7kKv6EeAuYr3cLwxUWhIu1baTaXh4Ib5W2CqHVqib4/MqbYGJqiL3Zb8GJZr3l4g=="
    },
    "node_modules/entities": {
      "version": "2.2.0",
      "resolved": "https://registry.npmjs.org/entities/-/entities-2.2.0.tgz",
      "integrity": "sha512-p92if5Nz619I0w+akJrLZH0MX0Pb5DX39XOwQTtXSdQQOaYH03S1uIQp4mhOZtAXrxq4ViO67YTiLBo2638o9A==",
      "funding": {
        "url": "https://github.com/fb55/entities?sponsor=1"
      }
    },
    "node_modules/esbuild": {
      "version": "0.19.2",
      "resolved": "https://registry.npmjs.org/esbuild/-/esbuild-0.19.2.tgz",
      "integrity": "sha512-G6hPax8UbFakEj3hWO0Vs52LQ8k3lnBhxZWomUJDxfz3rZTLqF5k/FCzuNdLx2RbpBiQQF9H9onlDDH1lZsnjg==",
      "hasInstallScript": true,
      "bin": {
        "esbuild": "bin/esbuild"
      },
      "engines": {
        "node": ">=12"
      },
      "optionalDependencies": {
        "@esbuild/android-arm": "0.19.2",
        "@esbuild/android-arm64": "0.19.2",
        "@esbuild/android-x64": "0.19.2",
        "@esbuild/darwin-arm64": "0.19.2",
        "@esbuild/darwin-x64": "0.19.2",
        "@esbuild/freebsd-arm64": "0.19.2",
        "@esbuild/freebsd-x64": "0.19.2",
        "@esbuild/linux-arm": "0.19.2",
        "@esbuild/linux-arm64": "0.19.2",
        "@esbuild/linux-ia32": "0.19.2",
        "@esbuild/linux-loong64": "0.19.2",
        "@esbuild/linux-mips64el": "0.19.2",
        "@esbuild/linux-ppc64": "0.19.2",
        "@esbuild/linux-riscv64": "0.19.2",
        "@esbuild/linux-s390x": "0.19.2",
        "@esbuild/linux-x64": "0.19.2",
        "@esbuild/netbsd-x64": "0.19.2",
        "@esbuild/openbsd-x64": "0.19.2",
        "@esbuild/sunos-x64": "0.19.2",
        "@esbuild/win32-arm64": "0.19.2",
        "@esbuild/win32-ia32": "0.19.2",
        "@esbuild/win32-x64": "0.19.2"
      }
    },
    "node_modules/node-fetch": {
      "version": "2.7.0",
      "resolved": "https://registry.npmjs.org/node-fetch/-/node-fetch-2.7.0.tgz",
      "integrity": "sha512-c4FRfUm/dbcWZ7U+1Wq0AwCyFL+3nt2bEw05wfxSz+DWpWsitgmSgYmy2dQdWyKC1694ELPqMs/YzUSNozLt8A==",
      "dependencies": {
        "whatwg-url": "^5.0.0"
      },
      "engines": {
        "node": "4.x || >=6.0.0"
      },
      "peerDependencies": {
        "encoding": "^0.1.0"
      },
      "peerDependenciesMeta": {
        "encoding": {
          "optional": true
        }
      }
    },
    "node_modules/pyodide": {
      "version": "0.23.4",
      "resolved": "https://registry.npmjs.org/pyodide/-/pyodide-0.23.4.tgz",
      "integrity": "sha512-WpQUHaIXQ1xede5BMqPAjBcmopxN22s5hEsYOR8T7/UW/fkNLFUn07SaemUgthbtvedD5JGymMMj4VpD9sGMTg==",
      "dependencies": {
        "base-64": "^1.0.0",
        "node-fetch": "^2.6.1",
        "ws": "^8.5.0"
      }
    },
    "node_modules/style-mod": {
      "version": "4.1.0",
      "resolved": "https://registry.npmjs.org/style-mod/-/style-mod-4.1.0.tgz",
      "integrity": "sha512-Ca5ib8HrFn+f+0n4N4ScTIA9iTOQ7MaGS1ylHcoVqW9J7w2w8PzN6g9gKmTYgGEBH8e120+RCmhpje6jC5uGWA=="
    },
    "node_modules/tr46": {
      "version": "0.0.3",
      "resolved": "https://registry.npmjs.org/tr46/-/tr46-0.0.3.tgz",
      "integrity": "sha512-N3WMsuqV66lT30CrXNbEjx4GEwlow3v6rr4mCcv6prnfwhS01rkgyFdjPNBYd9br7LpXV1+Emh01fHnq2Gdgrw=="
    },
    "node_modules/w3c-keyname": {
      "version": "2.2.8",
      "resolved": "https://registry.npmjs.org/w3c-keyname/-/w3c-keyname-2.2.8.tgz",
      "integrity": "sha512-dpojBhNsCNN7T82Tm7k26A6G9ML3NkhDsnw9n/eoxSRlVBB4CEtIQ/KTCLI2Fwf3ataSXRhYFkQi3SlnFwPvPQ=="
    },
    "node_modules/webidl-conversions": {
      "version": "3.0.1",
      "resolved": "https://registry.npmjs.org/webidl-conversions/-/webidl-conversions-3.0.1.tgz",
      "integrity": "sha512-2JAn3z8AR6rjK8Sm8orRC0h/bcl/DqL7tRPdGZ4I1CjdF+EaMLmYxBHyXuKL849eucPFhvBoxMsflfOb8kxaeQ=="
    },
    "node_modules/whatwg-url": {
      "version": "5.0.0",
      "resolved": "https://registry.npmjs.org/whatwg-url/-/whatwg-url-5.0.0.tgz",
      "integrity": "sha512-saE57nupxk6v3HY35+jzBwYa0rKSy0XR8JSxZPwgLr7ys0IBzhGviA1/TUGJLmSVqs8pb9AnvICXEuOHLprYTw==",
      "dependencies": {
        "tr46": "~0.0.3",
        "webidl-conversions": "^3.0.0"
      }
    },
    "node_modules/ws": {
      "version": "8.13.0",
      "resolved": "https://registry.npmjs.org/ws/-/ws-8.13.0.tgz",
      "integrity": "sha512-x9vcZYTrFPC7aSIbj7sRCYo7L/Xb8Iy+pW0ng0wt2vCJv7M9HOMy0UoN3rr+IFC7hb7vXoqS+P9ktyLLLhO+LA==",
      "engines": {
        "node": ">=10.0.0"
      },
      "peerDependencies": {
        "bufferutil": "^4.0.1",
        "utf-8-validate": ">=5.0.2"
      },
      "peerDependenciesMeta": {
        "bufferutil": {
          "optional": true
        },
        "utf-8-validate": {
          "optional": true
        }
      }
    }
  },
  "dependencies": {
    "@codemirror/autocomplete": {
      "version": "6.9.0",
      "resolved": "https://registry.npmjs.org/@codemirror/autocomplete/-/autocomplete-6.9.0.tgz",
      "integrity": "sha512-Fbwm0V/Wn3BkEJZRhr0hi5BhCo5a7eBL6LYaliPjOSwCyfOpnjXY59HruSxOUNV+1OYer0Tgx1zRNQttjXyDog==",
      "requires": {
        "@codemirror/language": "^6.0.0",
        "@codemirror/state": "^6.0.0",
        "@codemirror/view": "^6.6.0",
        "@lezer/common": "^1.0.0"
      }
    },
    "@codemirror/commands": {
      "version": "6.2.5",
      "resolved": "https://registry.npmjs.org/@codemirror/commands/-/commands-6.2.5.tgz",
      "integrity": "sha512-dSi7ow2P2YgPBZflR9AJoaTHvqmeGIgkhignYMd5zK5y6DANTvxKxp6eMEpIDUJkRAaOY/TFZ4jP1ADIO/GLVA==",
      "requires": {
        "@codemirror/language": "^6.0.0",
        "@codemirror/state": "^6.2.0",
        "@codemirror/view": "^6.0.0",
        "@lezer/common": "^1.0.0"
      }
    },
    "@codemirror/lang-python": {
      "version": "6.1.3",
      "resolved": "https://registry.npmjs.org/@codemirror/lang-python/-/lang-python-6.1.3.tgz",
      "integrity": "sha512-S9w2Jl74hFlD5nqtUMIaXAq9t5WlM0acCkyuQWUUSvZclk1sV+UfnpFiZzuZSG+hfEaOmxKR5UxY/Uxswn7EhQ==",
      "requires": {
        "@codemirror/autocomplete": "^6.3.2",
        "@codemirror/language": "^6.8.0",
        "@lezer/python": "^1.1.4"
      }
    },
    "@codemirror/language": {
      "version": "6.9.0",
      "resolved": "https://registry.npmjs.org/@codemirror/language/-/language-6.9.0.tgz",
      "integrity": "sha512-nFu311/0ne/qGuGCL3oKuktBgzVOaxCHZPZv1tLSZkNjPYxxvkjSbzno3MlErG2tgw1Yw1yF8BxMCegeMXqpiw==",
      "requires": {
        "@codemirror/state": "^6.0.0",
        "@codemirror/view": "^6.0.0",
        "@lezer/common": "^1.0.0",
        "@lezer/highlight": "^1.0.0",
        "@lezer/lr": "^1.0.0",
        "style-mod": "^4.0.0"
      }
    },
    "@codemirror/lint": {
      "version": "6.4.1",
      "resolved": "https://registry.npmjs.org/@codemirror/lint/-/lint-6.4.1.tgz",
      "integrity": "sha512-2Hx945qKX7FBan5/gUdTM8fsMYrNG9clIgEcPXestbLVFAUyQYFAuju/5BMNf/PwgpVaX5pvRm4+ovjbp9D9gQ==",
      "requires": {
        "@codemirror/state": "^6.0.0",
        "@codemirror/view": "^6.0.0",
        "crelt": "^1.0.5"
      }
    },
    "@codemirror/search": {
      "version": "6.5.2",
      "resolved": "https://registry.npmjs.org/@codemirror/search/-/search-6.5.2.tgz",
      "integrity": "sha512-WRihpqd0l9cEh9J3IZe45Yi+Z5MfTsEXnyc3V7qXHP4ZYtIYpGOn+EJ7fyLIkyAm/8S6QIr7/mMISfAadf8zCg==",
      "requires": {
        "@codemirror/state": "^6.0.0",
        "@codemirror/view": "^6.0.0",
        "crelt": "^1.0.5"
      }
    },
    "@codemirror/state": {
      "version": "6.2.1",
      "resolved": "https://registry.npmjs.org/@codemirror/state/-/state-6.2.1.tgz",
      "integrity": "sha512-RupHSZ8+OjNT38zU9fKH2sv+Dnlr8Eb8sl4NOnnqz95mCFTZUaiRP8Xv5MeeaG0px2b8Bnfe7YGwCV3nsBhbuw=="
    },
    "@codemirror/view": {
      "version": "6.17.1",
      "resolved": "https://registry.npmjs.org/@codemirror/view/-/view-6.17.1.tgz",
      "integrity": "sha512-I5KVxsLbm1f56n9SUajLW0/AzMXYEZVvkiYahMw/yGl5gUjT2WquuKO39xUtiT4z/hNhGD7YuAEVPI8u0mncaQ==",
      "requires": {
        "@codemirror/state": "^6.1.4",
        "style-mod": "^4.1.0",
        "w3c-keyname": "^2.2.4"
      }
    },
    "@esbuild/android-arm": {
      "version": "0.19.2",
      "resolved": "https://registry.npmjs.org/@esbuild/android-arm/-/android-arm-0.19.2.tgz",
      "integrity": "sha512-tM8yLeYVe7pRyAu9VMi/Q7aunpLwD139EY1S99xbQkT4/q2qa6eA4ige/WJQYdJ8GBL1K33pPFhPfPdJ/WzT8Q==",
      "optional": true
    },
    "@esbuild/android-arm64": {
      "version": "0.19.2",
      "resolved": "https://registry.npmjs.org/@esbuild/android-arm64/-/android-arm64-0.19.2.tgz",
      "integrity": "sha512-lsB65vAbe90I/Qe10OjkmrdxSX4UJDjosDgb8sZUKcg3oefEuW2OT2Vozz8ef7wrJbMcmhvCC+hciF8jY/uAkw==",
      "optional": true
    },
    "@esbuild/android-x64": {
      "version": "0.19.2",
      "resolved": "https://registry.npmjs.org/@esbuild/android-x64/-/android-x64-0.19.2.tgz",
      "integrity": "sha512-qK/TpmHt2M/Hg82WXHRc/W/2SGo/l1thtDHZWqFq7oi24AjZ4O/CpPSu6ZuYKFkEgmZlFoa7CooAyYmuvnaG8w==",
      "optional": true
    },
    "@esbuild/darwin-arm64": {
      "version": "0.19.2",
      "resolved": "https://registry.npmjs.org/@esbuild/darwin-arm64/-/darwin-arm64-0.19.2.tgz",
      "integrity": "sha512-Ora8JokrvrzEPEpZO18ZYXkH4asCdc1DLdcVy8TGf5eWtPO1Ie4WroEJzwI52ZGtpODy3+m0a2yEX9l+KUn0tA==",
      "optional": true
    },
    "@esbuild/darwin-x64": {
      "version": "0.19.2",
      "resolved": "https://registry.npmjs.org/@esbuild/darwin-x64/-/darwin-x64-0.19.2.tgz",
      "integrity": "sha512-tP+B5UuIbbFMj2hQaUr6EALlHOIOmlLM2FK7jeFBobPy2ERdohI4Ka6ZFjZ1ZYsrHE/hZimGuU90jusRE0pwDw==",
      "optional": true
    },
    "@esbuild/freebsd-arm64": {
      "version": "0.19.2",
      "resolved": "https://registry.npmjs.org/@esbuild/freebsd-arm64/-/freebsd-arm64-0.19.2.tgz",
      "integrity": "sha512-YbPY2kc0acfzL1VPVK6EnAlig4f+l8xmq36OZkU0jzBVHcOTyQDhnKQaLzZudNJQyymd9OqQezeaBgkTGdTGeQ==",
      "optional": true
    },
    "@esbuild/freebsd-x64": {
      "version": "0.19.2",
      "resolved": "https://registry.npmjs.org/@esbuild/freebsd-x64/-/freebsd-x64-0.19.2.tgz",
      "integrity": "sha512-nSO5uZT2clM6hosjWHAsS15hLrwCvIWx+b2e3lZ3MwbYSaXwvfO528OF+dLjas1g3bZonciivI8qKR/Hm7IWGw==",
      "optional": true
    },
    "@esbuild/linux-arm": {
      "version": "0.19.2",
      "resolved": "https://registry.npmjs.org/@esbuild/linux-arm/-/linux-arm-0.19.2.tgz",
      "integrity": "sha512-Odalh8hICg7SOD7XCj0YLpYCEc+6mkoq63UnExDCiRA2wXEmGlK5JVrW50vZR9Qz4qkvqnHcpH+OFEggO3PgTg==",
      "optional": true
    },
    "@esbuild/linux-arm64": {
      "version": "0.19.2",
      "resolved": "https://registry.npmjs.org/@esbuild/linux-arm64/-/linux-arm64-0.19.2.tgz",
      "integrity": "sha512-ig2P7GeG//zWlU0AggA3pV1h5gdix0MA3wgB+NsnBXViwiGgY77fuN9Wr5uoCrs2YzaYfogXgsWZbm+HGr09xg==",
      "optional": true
    },
    "@esbuild/linux-ia32": {
      "version": "0.19.2",
      "resolved": "https://registry.npmjs.org/@esbuild/linux-ia32/-/linux-ia32-0.19.2.tgz",
      "integrity": "sha512-mLfp0ziRPOLSTek0Gd9T5B8AtzKAkoZE70fneiiyPlSnUKKI4lp+mGEnQXcQEHLJAcIYDPSyBvsUbKUG2ri/XQ==",
      "optional": true
    },
    "@esbuild/linux-loong64": {
      "version": "0.19.2",
      "resolved": "https://registry.npmjs.org/@esbuild/linux-loong64/-/linux-loong64-0.19.2.tgz",
      "integrity": "sha512-hn28+JNDTxxCpnYjdDYVMNTR3SKavyLlCHHkufHV91fkewpIyQchS1d8wSbmXhs1fiYDpNww8KTFlJ1dHsxeSw==",
      "optional": true
    },
    "@esbuild/linux-mips64el": {
      "version": "0.19.2",
      "resolved": "https://registry.npmjs.org/@esbuild/linux-mips64el/-/linux-mips64el-0.19.2.tgz",
      "integrity": "sha512-KbXaC0Sejt7vD2fEgPoIKb6nxkfYW9OmFUK9XQE4//PvGIxNIfPk1NmlHmMg6f25x57rpmEFrn1OotASYIAaTg==",
      "optional": true
    },
    "@esbuild/linux-ppc64": {
      "version": "0.19.2",
      "resolved": "https://registry.npmjs.org/@esbuild/linux-ppc64/-/linux-ppc64-0.19.2.tgz",
      "integrity": "sha512-dJ0kE8KTqbiHtA3Fc/zn7lCd7pqVr4JcT0JqOnbj4LLzYnp+7h8Qi4yjfq42ZlHfhOCM42rBh0EwHYLL6LEzcw==",
      "optional": true
    },
    "@esbuild/linux-riscv64": {
      "version": "0.19.2",
      "resolved": "https://registry.npmjs.org/@esbuild/linux-riscv64/-/linux-riscv64-0.19.2.tgz",
      "integrity": "sha512-7Z/jKNFufZ/bbu4INqqCN6DDlrmOTmdw6D0gH+6Y7auok2r02Ur661qPuXidPOJ+FSgbEeQnnAGgsVynfLuOEw==",
      "optional": true
    },
    "@esbuild/linux-s390x": {
      "version": "0.19.2",
      "resolved": "https://registry.npmjs.org/@esbuild/linux-s390x/-/linux-s390x-0.19.2.tgz",
      "integrity": "sha512-U+RinR6aXXABFCcAY4gSlv4CL1oOVvSSCdseQmGO66H+XyuQGZIUdhG56SZaDJQcLmrSfRmx5XZOWyCJPRqS7g==",
      "optional": true
    },
    "@esbuild/linux-x64": {
      "version": "0.19.2",
      "resolved": "https://registry.npmjs.org/@esbuild/linux-x64/-/linux-x64-0.19.2.tgz",
      "integrity": "sha512-oxzHTEv6VPm3XXNaHPyUTTte+3wGv7qVQtqaZCrgstI16gCuhNOtBXLEBkBREP57YTd68P0VgDgG73jSD8bwXQ==",
      "optional": true
    },
    "@esbuild/netbsd-x64": {
      "version": "0.19.2",
      "resolved": "https://registry.npmjs.org/@esbuild/netbsd-x64/-/netbsd-x64-0.19.2.tgz",
      "integrity": "sha512-WNa5zZk1XpTTwMDompZmvQLHszDDDN7lYjEHCUmAGB83Bgs20EMs7ICD+oKeT6xt4phV4NDdSi/8OfjPbSbZfQ==",
      "optional": true
    },
    "@esbuild/openbsd-x64": {
      "version": "0.19.2",
      "resolved": "https://registry.npmjs.org/@esbuild/openbsd-x64/-/openbsd-x64-0.19.2.tgz",
      "integrity": "sha512-S6kI1aT3S++Dedb7vxIuUOb3oAxqxk2Rh5rOXOTYnzN8JzW1VzBd+IqPiSpgitu45042SYD3HCoEyhLKQcDFDw==",
      "optional": true
    },
    "@esbuild/sunos-x64": {
      "version": "0.19.2",
      "resolved": "https://registry.npmjs.org/@esbuild/sunos-x64/-/sunos-x64-0.19.2.tgz",
      "integrity": "sha512-VXSSMsmb+Z8LbsQGcBMiM+fYObDNRm8p7tkUDMPG/g4fhFX5DEFmjxIEa3N8Zr96SjsJ1woAhF0DUnS3MF3ARw==",
      "optional": true
    },
    "@esbuild/win32-arm64": {
      "version": "0.19.2",
      "resolved": "https://registry.npmjs.org/@esbuild/win32-arm64/-/win32-arm64-0.19.2.tgz",
      "integrity": "sha512-5NayUlSAyb5PQYFAU9x3bHdsqB88RC3aM9lKDAz4X1mo/EchMIT1Q+pSeBXNgkfNmRecLXA0O8xP+x8V+g/LKg==",
      "optional": true
    },
    "@esbuild/win32-ia32": {
      "version": "0.19.2",
      "resolved": "https://registry.npmjs.org/@esbuild/win32-ia32/-/win32-ia32-0.19.2.tgz",
      "integrity": "sha512-47gL/ek1v36iN0wL9L4Q2MFdujR0poLZMJwhO2/N3gA89jgHp4MR8DKCmwYtGNksbfJb9JoTtbkoe6sDhg2QTA==",
      "optional": true
    },
    "@esbuild/win32-x64": {
      "version": "0.19.2",
      "resolved": "https://registry.npmjs.org/@esbuild/win32-x64/-/win32-x64-0.19.2.tgz",
      "integrity": "sha512-tcuhV7ncXBqbt/Ybf0IyrMcwVOAPDckMK9rXNHtF17UTK18OKLpg08glminN06pt2WCoALhXdLfSPbVvK/6fxw==",
      "optional": true
    },
    "@lezer/common": {
      "version": "1.0.4",
      "resolved": "https://registry.npmjs.org/@lezer/common/-/common-1.0.4.tgz",
      "integrity": "sha512-lZHlk8p67x4aIDtJl6UQrXSOP6oi7dQR3W/geFVrENdA1JDaAJWldnVqVjPMJupbTKbzDfFcePfKttqVidS/dg=="
    },
    "@lezer/highlight": {
      "version": "1.1.6",
      "resolved": "https://registry.npmjs.org/@lezer/highlight/-/highlight-1.1.6.tgz",
      "integrity": "sha512-cmSJYa2us+r3SePpRCjN5ymCqCPv+zyXmDl0ciWtVaNiORT/MxM7ZgOMQZADD0o51qOaOg24qc/zBViOIwAjJg==",
      "requires": {
        "@lezer/common": "^1.0.0"
      }
    },
    "@lezer/lr": {
      "version": "1.3.10",
      "resolved": "https://registry.npmjs.org/@lezer/lr/-/lr-1.3.10.tgz",
      "integrity": "sha512-BZfVvf7Re5BIwJHlZXbJn9L8lus5EonxQghyn+ih8Wl36XMFBPTXC0KM0IdUtj9w/diPHsKlXVgL+AlX2jYJ0Q==",
      "requires": {
        "@lezer/common": "^1.0.0"
      }
    },
    "@lezer/python": {
      "version": "1.1.8",
      "resolved": "https://registry.npmjs.org/@lezer/python/-/python-1.1.8.tgz",
      "integrity": "sha512-1T/XsmeF57ijrjpC0Zmrf9YeO5mn2zC1XeSNrOnc0KB+6PgxJ5m7kWKt0CnwyS74oHQXbJxUUL+QDQJR26c1Gw==",
      "requires": {
        "@lezer/highlight": "^1.0.0",
        "@lezer/lr": "^1.0.0"
      }
    },
    "ansi-to-html": {
      "version": "0.7.2",
      "resolved": "https://registry.npmjs.org/ansi-to-html/-/ansi-to-html-0.7.2.tgz",
      "integrity": "sha512-v6MqmEpNlxF+POuyhKkidusCHWWkaLcGRURzivcU3I9tv7k4JVhFcnukrM5Rlk2rUywdZuzYAZ+kbZqWCnfN3g==",
      "requires": {
        "entities": "^2.2.0"
      }
    },
    "base-64": {
      "version": "1.0.0",
      "resolved": "https://registry.npmjs.org/base-64/-/base-64-1.0.0.tgz",
      "integrity": "sha512-kwDPIFCGx0NZHog36dj+tHiwP4QMzsZ3AgMViUBKI0+V5n4U0ufTCUMhnQ04diaRI8EX/QcPfql7zlhZ7j4zgg=="
    },
    "codemirror": {
      "version": "6.0.1",
      "resolved": "https://registry.npmjs.org/codemirror/-/codemirror-6.0.1.tgz",
      "integrity": "sha512-J8j+nZ+CdWmIeFIGXEFbFPtpiYacFMDR8GlHK3IyHQJMCaVRfGx9NT+Hxivv1ckLWPvNdZqndbr/7lVhrf/Svg==",
      "requires": {
        "@codemirror/autocomplete": "^6.0.0",
        "@codemirror/commands": "^6.0.0",
        "@codemirror/language": "^6.0.0",
        "@codemirror/lint": "^6.0.0",
        "@codemirror/search": "^6.0.0",
        "@codemirror/state": "^6.0.0",
        "@codemirror/view": "^6.0.0"
      }
    },
    "crelt": {
      "version": "1.0.6",
      "resolved": "https://registry.npmjs.org/crelt/-/crelt-1.0.6.tgz",
      "integrity": "sha512-VQ2MBenTq1fWZUH9DJNGti7kKv6EeAuYr3cLwxUWhIu1baTaXh4Ib5W2CqHVqib4/MqbYGJqiL3Zb8GJZr3l4g=="
    },
    "entities": {
      "version": "2.2.0",
      "resolved": "https://registry.npmjs.org/entities/-/entities-2.2.0.tgz",
      "integrity": "sha512-p92if5Nz619I0w+akJrLZH0MX0Pb5DX39XOwQTtXSdQQOaYH03S1uIQp4mhOZtAXrxq4ViO67YTiLBo2638o9A=="
    },
    "esbuild": {
      "version": "0.19.2",
      "resolved": "https://registry.npmjs.org/esbuild/-/esbuild-0.19.2.tgz",
      "integrity": "sha512-G6hPax8UbFakEj3hWO0Vs52LQ8k3lnBhxZWomUJDxfz3rZTLqF5k/FCzuNdLx2RbpBiQQF9H9onlDDH1lZsnjg==",
      "requires": {
        "@esbuild/android-arm": "0.19.2",
        "@esbuild/android-arm64": "0.19.2",
        "@esbuild/android-x64": "0.19.2",
        "@esbuild/darwin-arm64": "0.19.2",
        "@esbuild/darwin-x64": "0.19.2",
        "@esbuild/freebsd-arm64": "0.19.2",
        "@esbuild/freebsd-x64": "0.19.2",
        "@esbuild/linux-arm": "0.19.2",
        "@esbuild/linux-arm64": "0.19.2",
        "@esbuild/linux-ia32": "0.19.2",
        "@esbuild/linux-loong64": "0.19.2",
        "@esbuild/linux-mips64el": "0.19.2",
        "@esbuild/linux-ppc64": "0.19.2",
        "@esbuild/linux-riscv64": "0.19.2",
        "@esbuild/linux-s390x": "0.19.2",
        "@esbuild/linux-x64": "0.19.2",
        "@esbuild/netbsd-x64": "0.19.2",
        "@esbuild/openbsd-x64": "0.19.2",
        "@esbuild/sunos-x64": "0.19.2",
        "@esbuild/win32-arm64": "0.19.2",
        "@esbuild/win32-ia32": "0.19.2",
        "@esbuild/win32-x64": "0.19.2"
      }
    },
    "node-fetch": {
      "version": "2.7.0",
      "resolved": "https://registry.npmjs.org/node-fetch/-/node-fetch-2.7.0.tgz",
      "integrity": "sha512-c4FRfUm/dbcWZ7U+1Wq0AwCyFL+3nt2bEw05wfxSz+DWpWsitgmSgYmy2dQdWyKC1694ELPqMs/YzUSNozLt8A==",
      "requires": {
        "whatwg-url": "^5.0.0"
      }
    },
    "pyodide": {
      "version": "0.23.4",
      "resolved": "https://registry.npmjs.org/pyodide/-/pyodide-0.23.4.tgz",
      "integrity": "sha512-WpQUHaIXQ1xede5BMqPAjBcmopxN22s5hEsYOR8T7/UW/fkNLFUn07SaemUgthbtvedD5JGymMMj4VpD9sGMTg==",
      "requires": {
        "base-64": "^1.0.0",
        "node-fetch": "^2.6.1",
        "ws": "^8.5.0"
      }
    },
    "style-mod": {
      "version": "4.1.0",
      "resolved": "https://registry.npmjs.org/style-mod/-/style-mod-4.1.0.tgz",
      "integrity": "sha512-Ca5ib8HrFn+f+0n4N4ScTIA9iTOQ7MaGS1ylHcoVqW9J7w2w8PzN6g9gKmTYgGEBH8e120+RCmhpje6jC5uGWA=="
    },
    "tr46": {
      "version": "0.0.3",
      "resolved": "https://registry.npmjs.org/tr46/-/tr46-0.0.3.tgz",
      "integrity": "sha512-N3WMsuqV66lT30CrXNbEjx4GEwlow3v6rr4mCcv6prnfwhS01rkgyFdjPNBYd9br7LpXV1+Emh01fHnq2Gdgrw=="
    },
    "w3c-keyname": {
      "version": "2.2.8",
      "resolved": "https://registry.npmjs.org/w3c-keyname/-/w3c-keyname-2.2.8.tgz",
      "integrity": "sha512-dpojBhNsCNN7T82Tm7k26A6G9ML3NkhDsnw9n/eoxSRlVBB4CEtIQ/KTCLI2Fwf3ataSXRhYFkQi3SlnFwPvPQ=="
    },
    "webidl-conversions": {
      "version": "3.0.1",
      "resolved": "https://registry.npmjs.org/webidl-conversions/-/webidl-conversions-3.0.1.tgz",
      "integrity": "sha512-2JAn3z8AR6rjK8Sm8orRC0h/bcl/DqL7tRPdGZ4I1CjdF+EaMLmYxBHyXuKL849eucPFhvBoxMsflfOb8kxaeQ=="
    },
    "whatwg-url": {
      "version": "5.0.0",
      "resolved": "https://registry.npmjs.org/whatwg-url/-/whatwg-url-5.0.0.tgz",
      "integrity": "sha512-saE57nupxk6v3HY35+jzBwYa0rKSy0XR8JSxZPwgLr7ys0IBzhGviA1/TUGJLmSVqs8pb9AnvICXEuOHLprYTw==",
      "requires": {
        "tr46": "~0.0.3",
        "webidl-conversions": "^3.0.0"
      }
    },
    "ws": {
      "version": "8.13.0",
      "resolved": "https://registry.npmjs.org/ws/-/ws-8.13.0.tgz",
      "integrity": "sha512-x9vcZYTrFPC7aSIbj7sRCYo7L/Xb8Iy+pW0ng0wt2vCJv7M9HOMy0UoN3rr+IFC7hb7vXoqS+P9ktyLLLhO+LA==",
      "requires": {}
    }
  }
}
